
Microsoft Visual Studio Solution File, Format Version 12.00
# Visual Studio Version 16
VisualStudioVersion = 16.0.31613.86
MinimumVisualStudioVersion = 10.0.40219.1
Project("{FAE04EC0-301F-11D3-BF4B-00C04F79EFBC}") = "ConsoleApp_calculator_character", "ConsoleApp_calculator_character\ConsoleApp_calculator_character.csproj", "{CD582281-DE31-4757-B44A-1FD09635331A}"
EndProject
Global
	GlobalSection(SolutionConfigurationPlatforms) = preSolution
		Debug|Any CPU = Debug|Any CPU
		Release|Any CPU = Release|Any CPU
	EndGlobalSection
	GlobalSection(ProjectConfigurationPlatforms) = postSolution
		{CD582281-DE31-4757-B44A-1FD09635331A}.Debug|Any CPU.ActiveCfg = Debug|Any CPU
		{CD582281-DE31-4757-B44A-1FD09635331A}.Debug|Any CPU.Build.0 = Debug|Any CPU
		{CD582281-DE31-4757-B44A-1FD09635331A}.Release|Any CPU.ActiveCfg = Release|Any CPU
		{CD582281-DE31-4757-B44A-1FD09635331A}.Release|Any CPU.Build.0 = Release|Any CPU
	EndGlobalSection
	GlobalSection(SolutionProperties) = preSolution
		HideSolutionNode = FALSE
	EndGlobalSection
	GlobalSection(ExtensibilityGlobals) = postSolution
		SolutionGuid = {EF146077-F249-4E36-A4A8-79D20018B25F}
	EndGlobalSection
EndGlobal
